
Microsoft Visual Studio Solution File, Format Version 12.00
# Visual Studio Express 2013 for Web
VisualStudioVersion = 12.0.30324.0
MinimumVisualStudioVersion = 10.0.40219.1
Project("{FAE04EC0-301F-11D3-BF4B-00C04F79EFBC}") = "Tests", "uniTunes.Tests\Tests.csproj", "{877C839B-A2AD-41EE-9B37-6FC514F447CE}"
EndProject
Project("{FAE04EC0-301F-11D3-BF4B-00C04F79EFBC}") = "UI", "uniTunes.UI\UI.csproj", "{8F5F37C4-57AB-4F40-89A4-D63116AF8F1B}"
EndProject
Project("{FAE04EC0-301F-11D3-BF4B-00C04F79EFBC}") = "Common", "uniTunes.Common\Common.csproj", "{082A93B7-778B-4A38-BC76-A7EEBE000728}"
EndProject
Project("{FAE04EC0-301F-11D3-BF4B-00C04F79EFBC}") = "Services", "uniTunes.Services\Services.csproj", "{4A2418C4-51E0-4D1E-B7C9-A5E60AEF5203}"
EndProject
Project("{FAE04EC0-301F-11D3-BF4B-00C04F79EFBC}") = "Models", "uniTunes.Models\Models.csproj", "{79A6AFF1-9161-4E84-B9FC-8EB713D2FC28}"
EndProject
Project("{FAE04EC0-301F-11D3-BF4B-00C04F79EFBC}") = "Data", "uniTunes.Data\Data.csproj", "{3AFD7125-64F4-431B-BA52-F8CC63DF0908}"
EndProject
Project("{FAE04EC0-301F-11D3-BF4B-00C04F79EFBC}") = "Services.Contracts", "uniTunes.Services.Contracts\Services.Contracts.csproj", "{35BEF595-AD8C-409A-A2E3-07699D66188C}"
EndProject
Global
	GlobalSection(SolutionConfigurationPlatforms) = preSolution
		Debug|Any CPU = Debug|Any CPU
		Release|Any CPU = Release|Any CPU
	EndGlobalSection
	GlobalSection(ProjectConfigurationPlatforms) = postSolution
		{877C839B-A2AD-41EE-9B37-6FC514F447CE}.Debug|Any CPU.ActiveCfg = Debug|Any CPU
		{877C839B-A2AD-41EE-9B37-6FC514F447CE}.Debug|Any CPU.Build.0 = Debug|Any CPU
		{877C839B-A2AD-41EE-9B37-6FC514F447CE}.Release|Any CPU.ActiveCfg = Release|Any CPU
		{877C839B-A2AD-41EE-9B37-6FC514F447CE}.Release|Any CPU.Build.0 = Release|Any CPU
		{8F5F37C4-57AB-4F40-89A4-D63116AF8F1B}.Debug|Any CPU.ActiveCfg = Debug|Any CPU
		{8F5F37C4-57AB-4F40-89A4-D63116AF8F1B}.Debug|Any CPU.Build.0 = Debug|Any CPU
		{8F5F37C4-57AB-4F40-89A4-D63116AF8F1B}.Release|Any CPU.ActiveCfg = Release|Any CPU
		{8F5F37C4-57AB-4F40-89A4-D63116AF8F1B}.Release|Any CPU.Build.0 = Release|Any CPU
		{082A93B7-778B-4A38-BC76-A7EEBE000728}.Debug|Any CPU.ActiveCfg = Debug|Any CPU
		{082A93B7-778B-4A38-BC76-A7EEBE000728}.Debug|Any CPU.Build.0 = Debug|Any CPU
		{082A93B7-778B-4A38-BC76-A7EEBE000728}.Release|Any CPU.ActiveCfg = Release|Any CPU
		{082A93B7-778B-4A38-BC76-A7EEBE000728}.Release|Any CPU.Build.0 = Release|Any CPU
		{4A2418C4-51E0-4D1E-B7C9-A5E60AEF5203}.Debug|Any CPU.ActiveCfg = Debug|Any CPU
		{4A2418C4-51E0-4D1E-B7C9-A5E60AEF5203}.Debug|Any CPU.Build.0 = Debug|Any CPU
		{4A2418C4-51E0-4D1E-B7C9-A5E60AEF5203}.Release|Any CPU.ActiveCfg = Release|Any CPU
		{4A2418C4-51E0-4D1E-B7C9-A5E60AEF5203}.Release|Any CPU.Build.0 = Release|Any CPU
		{79A6AFF1-9161-4E84-B9FC-8EB713D2FC28}.Debug|Any CPU.ActiveCfg = Debug|Any CPU
		{79A6AFF1-9161-4E84-B9FC-8EB713D2FC28}.Debug|Any CPU.Build.0 = Debug|Any CPU
		{79A6AFF1-9161-4E84-B9FC-8EB713D2FC28}.Release|Any CPU.ActiveCfg = Release|Any CPU
		{79A6AFF1-9161-4E84-B9FC-8EB713D2FC28}.Release|Any CPU.Build.0 = Release|Any CPU
		{3AFD7125-64F4-431B-BA52-F8CC63DF0908}.Debug|Any CPU.ActiveCfg = Debug|Any CPU
		{3AFD7125-64F4-431B-BA52-F8CC63DF0908}.Debug|Any CPU.Build.0 = Debug|Any CPU
		{3AFD7125-64F4-431B-BA52-F8CC63DF0908}.Release|Any CPU.ActiveCfg = Release|Any CPU
		{3AFD7125-64F4-431B-BA52-F8CC63DF0908}.Release|Any CPU.Build.0 = Release|Any CPU
		{35BEF595-AD8C-409A-A2E3-07699D66188C}.Debug|Any CPU.ActiveCfg = Debug|Any CPU
		{35BEF595-AD8C-409A-A2E3-07699D66188C}.Debug|Any CPU.Build.0 = Debug|Any CPU
		{35BEF595-AD8C-409A-A2E3-07699D66188C}.Release|Any CPU.ActiveCfg = Release|Any CPU
		{35BEF595-AD8C-409A-A2E3-07699D66188C}.Release|Any CPU.Build.0 = Release|Any CPU
	EndGlobalSection
	GlobalSection(SolutionProperties) = preSolution
		HideSolutionNode = FALSE
	EndGlobalSection
EndGlobal
